lockfileVersion: '9.0'

settings:
  autoInstallPeers: true
  excludeLinksFromLockfile: false

importers:

  .:
    dependencies:
      framer-motion:
        specifier: ^12.12.1
        version: 12.12.1

packages:

  framer-motion@12.12.1:
    resolution: {integrity: sha512-PFw4/GCREHI2suK/NlPSUxd+x6Rkp80uQsfCRFSOQNrm5pZif7eGtmG1VaD/UF1fW9tRBy5AaS77StatB3OJDg==}
    peerDependencies:
      '@emotion/is-prop-valid': '*'
      react: ^18.0.0 || ^19.0.0
      react-dom: ^18.0.0 || ^19.0.0
    peerDependenciesMeta:
      '@emotion/is-prop-valid':
        optional: true
      react:
        optional: true
      react-dom:
        optional: true

  motion-dom@12.12.1:
    resolution: {integrity: sha512-GXq/uUbZBEiFFE+K1Z/sxdPdadMdfJ/jmBALDfIuHGi0NmtealLOfH9FqT+6aNPgVx8ilq0DtYmyQlo6Uj9LKQ==}

  motion-utils@12.12.1:
    resolution: {integrity: sha512-f9qiqUHm7hWSLlNW8gS9pisnsN7CRFRD58vNjptKdsqFLpkVnX00TNeD6Q0d27V9KzT7ySFyK1TZ/DShfVOv6w==}

  tslib@2.8.1:
    resolution: {integrity: sha512-oJFu94HQb+KVduSUQL7wnpmqnfmLsOA/nAh6b6EH0wCEoK0/mPeXU6c3wKDV83MkOuHPRHtSXKKU99IBazS/2w==}

snapshots:

  framer-motion@12.12.1:
    dependencies:
      motion-dom: 12.12.1
      motion-utils: 12.12.1
      tslib: 2.8.1

  motion-dom@12.12.1:
    dependencies:
      motion-utils: 12.12.1

  motion-utils@12.12.1: {}

  tslib@2.8.1: {}
